// !$*UTF8*$!
{
	archiveVersion = 1;
	classes = {
	};
	objectVersion = 56;
	objects = {

/* Begin PBXBuildFile section */
		2820AA2A28FDD2C700CF2088 /* IyoApp.swift in Sources */ = {isa = PBXBuildFile; fileRef = 2820AA2928FDD2C700CF2088 /* IyoApp.swift */; };
		2820AA2C28FDD2C700CF2088 /* ContentView.swift in Sources */ = {isa = PBXBuildFile; fileRef = 2820AA2B28FDD2C700CF2088 /* ContentView.swift */; };
		2820AA2E28FDD2CA00CF2088 /* Assets.xcassets in Resources */ = {isa = PBXBuildFile; fileRef = 2820AA2D28FDD2CA00CF2088 /* Assets.xcassets */; };
		2820AA3128FDD2CA00CF2088 /* Preview Assets.xcassets in Resources */ = {isa = PBXBuildFile; fileRef = 2820AA3028FDD2CA00CF2088 /* Preview Assets.xcassets */; };
		2820AA3328FDD2CA00CF2088 /* Persistence.swift in Sources */ = {isa = PBXBuildFile; fileRef = 2820AA3228FDD2CA00CF2088 /* Persistence.swift */; };
		2820AA3628FDD2CA00CF2088 /* Iyo.xcdatamodeld in Sources */ = {isa = PBXBuildFile; fileRef = 2820AA3428FDD2CA00CF2088 /* Iyo.xcdatamodeld */; };
		2820AA4028FDD2CA00CF2088 /* IyoTests.swift in Sources */ = {isa = PBXBuildFile; fileRef = 2820AA3F28FDD2CA00CF2088 /* IyoTests.swift */; };
		2820AA4A28FDD2CA00CF2088 /* IyoUITests.swift in Sources */ = {isa = PBXBuildFile; fileRef = 2820AA4928FDD2CA00CF2088 /* IyoUITests.swift */; };
		2820AA4C28FDD2CA00CF2088 /* IyoUITestsLaunchTests.swift in Sources */ = {isa = PBXBuildFile; fileRef = 2820AA4B28FDD2CA00CF2088 /* IyoUITestsLaunchTests.swift */; };
		2820AA5B28FDEBD700CF2088 /* IyoListVM.swift in Sources */ = {isa = PBXBuildFile; fileRef = 2820AA5A28FDEBD700CF2088 /* IyoListVM.swift */; };
		2820AA5D28FDF07700CF2088 /* AddIyo.swift in Sources */ = {isa = PBXBuildFile; fileRef = 2820AA5C28FDF07700CF2088 /* AddIyo.swift */; };
		2820AA6028FDF1EA00CF2088 /* ImportanceView.swift in Sources */ = {isa = PBXBuildFile; fileRef = 2820AA5F28FDF1EA00CF2088 /* ImportanceView.swift */; };
		2820AA6328FDF27700CF2088 /* Iyo+Extension.swift in Sources */ = {isa = PBXBuildFile; fileRef = 2820AA6228FDF27700CF2088 /* Iyo+Extension.swift */; };
		2820AA6528FDF95D00CF2088 /* Date+Extension.swift in Sources */ = {isa = PBXBuildFile; fileRef = 2820AA6428FDF95D00CF2088 /* Date+Extension.swift */; };
		2820AA6728FDFD1400CF2088 /* BlankView.swift in Sources */ = {isa = PBXBuildFile; fileRef = 2820AA6628FDFD1400CF2088 /* BlankView.swift */; };
		2820AA6A28FDFE7900CF2088 /* Fab.swift in Sources */ = {isa = PBXBuildFile; fileRef = 2820AA6928FDFE7900CF2088 /* Fab.swift */; };
		2820AA6C28FDFEB700CF2088 /* View_Extension.swift in Sources */ = {isa = PBXBuildFile; fileRef = 2820AA6B28FDFEB700CF2088 /* View_Extension.swift */; };
/* End PBXBuildFile section */

/* Begin PBXContainerItemProxy section */
		2820AA3C28FDD2CA00CF2088 /* PBXContainerItemProxy */ = {
			isa = PBXContainerItemProxy;
			containerPortal = 2820AA1E28FDD2C700CF2088 /* Project object */;
			proxyType = 1;
			remoteGlobalIDString = 2820AA2528FDD2C700CF2088;
			remoteInfo = Iyo;
		};
		2820AA4628FDD2CA00CF2088 /* PBXContainerItemProxy */ = {
			isa = PBXContainerItemProxy;
			containerPortal = 2820AA1E28FDD2C700CF2088 /* Project object */;
			proxyType = 1;
			remoteGlobalIDString = 2820AA2528FDD2C700CF2088;
			remoteInfo = Iyo;
		};
/* End PBXContainerItemProxy section */

/* Begin PBXFileReference section */
		2820AA2628FDD2C700CF2088 /* Iyo.app */ = {isa = PBXFileReference; explicitFileType = wrapper.application; includeInIndex = 0; path = Iyo.app; sourceTree = BUILT_PRODUCTS_DIR; };
		2820AA2928FDD2C700CF2088 /* IyoApp.swift */ = {isa = PBXFileReference; lastKnownFileType = sourcecode.swift; path = IyoApp.swift; sourceTree = "<group>"; };
		2820AA2B28FDD2C700CF2088 /* ContentView.swift */ = {isa = PBXFileReference; lastKnownFileType = sourcecode.swift; path = ContentView.swift; sourceTree = "<group>"; };
		2820AA2D28FDD2CA00CF2088 /* Assets.xcassets */ = {isa = PBXFileReference; lastKnownFileType = folder.assetcatalog; path = Assets.xcassets; sourceTree = "<group>"; };
		2820AA3028FDD2CA00CF2088 /* Preview Assets.xcassets */ = {isa = PBXFileReference; lastKnownFileType = folder.assetcatalog; path = "Preview Assets.xcassets"; sourceTree = "<group>"; };
		2820AA3228FDD2CA00CF2088 /* Persistence.swift */ = {isa = PBXFileReference; lastKnownFileType = sourcecode.swift; path = Persistence.swift; sourceTree = "<group>"; };
		2820AA3528FDD2CA00CF2088 /* Iyo.xcdatamodel */ = {isa = PBXFileReference; lastKnownFileType = wrapper.xcdatamodel; path = Iyo.xcdatamodel; sourceTree = "<group>"; };
		2820AA3B28FDD2CA00CF2088 /* IyoTests.xctest */ = {isa = PBXFileReference; explicitFileType = wrapper.cfbundle; includeInIndex = 0; path = IyoTests.xctest; sourceTree = BUILT_PRODUCTS_DIR; };
		2820AA3F28FDD2CA00CF2088 /* IyoTests.swift */ = {isa = PBXFileReference; lastKnownFileType = sourcecode.swift; path = IyoTests.swift; sourceTree = "<group>"; };
		2820AA4528FDD2CA00CF2088 /* IyoUITests.xctest */ = {isa = PBXFileReference; explicitFileType = wrapper.cfbundle; includeInIndex = 0; path = IyoUITests.xctest; sourceTree = BUILT_PRODUCTS_DIR; };
		2820AA4928FDD2CA00CF2088 /* IyoUITests.swift */ = {isa = PBXFileReference; lastKnownFileType = sourcecode.swift; path = IyoUITests.swift; sourceTree = "<group>"; };
		2820AA4B28FDD2CA00CF2088 /* IyoUITestsLaunchTests.swift */ = {isa = PBXFileReference; lastKnownFileType = sourcecode.swift; path = IyoUITestsLaunchTests.swift; sourceTree = "<group>"; };
		2820AA5A28FDEBD700CF2088 /* IyoListVM.swift */ = {isa = PBXFileReference; lastKnownFileType = sourcecode.swift; path = IyoListVM.swift; sourceTree = "<group>"; };
		2820AA5C28FDF07700CF2088 /* AddIyo.swift */ = {isa = PBXFileReference; lastKnownFileType = sourcecode.swift; path = AddIyo.swift; sourceTree = "<group>"; };
		2820AA5F28FDF1EA00CF2088 /* ImportanceView.swift */ = {isa = PBXFileReference; lastKnownFileType = sourcecode.swift; path = ImportanceView.swift; sourceTree = "<group>"; };
		2820AA6228FDF27700CF2088 /* Iyo+Extension.swift */ = {isa = PBXFileReference; lastKnownFileType = sourcecode.swift; path = "Iyo+Extension.swift"; sourceTree = "<group>"; };
		2820AA6428FDF95D00CF2088 /* Date+Extension.swift */ = {isa = PBXFileReference; lastKnownFileType = sourcecode.swift; path = "Date+Extension.swift"; sourceTree = "<group>"; };
		2820AA6628FDFD1400CF2088 /* BlankView.swift */ = {isa = PBXFileReference; lastKnownFileType = sourcecode.swift; path = BlankView.swift; sourceTree = "<group>"; };
		2820AA6928FDFE7900CF2088 /* Fab.swift */ = {isa = PBXFileReference; lastKnownFileType = sourcecode.swift; path = Fab.swift; sourceTree = "<group>"; };
		2820AA6B28FDFEB700CF2088 /* View_Extension.swift */ = {isa = PBXFileReference; lastKnownFileType = sourcecode.swift; path = View_Extension.swift; sourceTree = "<group>"; };
/* End PBXFileReference section */

/* Begin PBXFrameworksBuildPhase section */
		2820AA2328FDD2C700CF2088 /* Frameworks */ = {
			isa = PBXFrameworksBuildPhase;
			buildActionMask = 2147483647;
			files = (
			);
			runOnlyForDeploymentPostprocessing = 0;
		};
		2820AA3828FDD2CA00CF2088 /* Frameworks */ = {
			isa = PBXFrameworksBuildPhase;
			buildActionMask = 2147483647;
			files = (
			);
			runOnlyForDeploymentPostprocessing = 0;
		};
		2820AA4228FDD2CA00CF2088 /* Frameworks */ = {
			isa = PBXFrameworksBuildPhase;
			buildActionMask = 2147483647;
			files = (
			);
			runOnlyForDeploymentPostprocessing = 0;
		};
/* End PBXFrameworksBuildPhase section */

/* Begin PBXGroup section */
		2820AA1D28FDD2C700CF2088 = {
			isa = PBXGroup;
			children = (
				2820AA2828FDD2C700CF2088 /* Iyo */,
				2820AA3E28FDD2CA00CF2088 /* IyoTests */,
				2820AA4828FDD2CA00CF2088 /* IyoUITests */,
				2820AA2728FDD2C700CF2088 /* Products */,
			);
			sourceTree = "<group>";
		};
		2820AA2728FDD2C700CF2088 /* Products */ = {
			isa = PBXGroup;
			children = (
				2820AA2628FDD2C700CF2088 /* Iyo.app */,
				2820AA3B28FDD2CA00CF2088 /* IyoTests.xctest */,
				2820AA4528FDD2CA00CF2088 /* IyoUITests.xctest */,
			);
			name = Products;
			sourceTree = "<group>";
		};
		2820AA2828FDD2C700CF2088 /* Iyo */ = {
			isa = PBXGroup;
			children = (
				2820AA6828FDFE6B00CF2088 /* Custom Views */,
				2820AA6128FDF24C00CF2088 /* Extensions */,
				2820AA5E28FDF1C700CF2088 /* Sub Views */,
				2820AA5928FDEBAD00CF2088 /* View Models */,
				2820AA5828FDEB9E00CF2088 /* Views */,
				2820AA2928FDD2C700CF2088 /* IyoApp.swift */,
				2820AA2D28FDD2CA00CF2088 /* Assets.xcassets */,
				2820AA3228FDD2CA00CF2088 /* Persistence.swift */,
				2820AA3428FDD2CA00CF2088 /* Iyo.xcdatamodeld */,
				2820AA2F28FDD2CA00CF2088 /* Preview Content */,
			);
			path = Iyo;
			sourceTree = "<group>";
		};
		2820AA2F28FDD2CA00CF2088 /* Preview Content */ = {
			isa = PBXGroup;
			children = (
				2820AA3028FDD2CA00CF2088 /* Preview Assets.xcassets */,
			);
			path = "Preview Content";
			sourceTree = "<group>";
		};
		2820AA3E28FDD2CA00CF2088 /* IyoTests */ = {
			isa = PBXGroup;
			children = (
				2820AA3F28FDD2CA00CF2088 /* IyoTests.swift */,
			);
			path = IyoTests;
			sourceTree = "<group>";
		};
		2820AA4828FDD2CA00CF2088 /* IyoUITests */ = {
			isa = PBXGroup;
			children = (
				2820AA4928FDD2CA00CF2088 /* IyoUITests.swift */,
				2820AA4B28FDD2CA00CF2088 /* IyoUITestsLaunchTests.swift */,
			);
			path = IyoUITests;
			sourceTree = "<group>";
		};
		2820AA5828FDEB9E00CF2088 /* Views */ = {
			isa = PBXGroup;
			children = (
				2820AA2B28FDD2C700CF2088 /* ContentView.swift */,
				2820AA5C28FDF07700CF2088 /* AddIyo.swift */,
				2820AA6628FDFD1400CF2088 /* BlankView.swift */,
			);
			path = Views;
			sourceTree = "<group>";
		};
		2820AA5928FDEBAD00CF2088 /* View Models */ = {
			isa = PBXGroup;
			children = (
				2820AA5A28FDEBD700CF2088 /* IyoListVM.swift */,
			);
			path = "View Models";
			sourceTree = "<group>";
		};
		2820AA5E28FDF1C700CF2088 /* Sub Views */ = {
			isa = PBXGroup;
			children = (
				2820AA5F28FDF1EA00CF2088 /* ImportanceView.swift */,
			);
			path = "Sub Views";
			sourceTree = "<group>";
		};
		2820AA6128FDF24C00CF2088 /* Extensions */ = {
			isa = PBXGroup;
			children = (
				2820AA6228FDF27700CF2088 /* Iyo+Extension.swift */,
				2820AA6428FDF95D00CF2088 /* Date+Extension.swift */,
				2820AA6B28FDFEB700CF2088 /* View_Extension.swift */,
			);
			path = Extensions;
			sourceTree = "<group>";
		};
		2820AA6828FDFE6B00CF2088 /* Custom Views */ = {
			isa = PBXGroup;
			children = (
				2820AA6928FDFE7900CF2088 /* Fab.swift */,
			);
			path = "Custom Views";
			sourceTree = "<group>";
		};
/* End PBXGroup section */

/* Begin PBXNativeTarget section */
		2820AA2528FDD2C700CF2088 /* Iyo */ = {
			isa = PBXNativeTarget;
			buildConfigurationList = 2820AA4F28FDD2CA00CF2088 /* Build configuration list for PBXNativeTarget "Iyo" */;
			buildPhases = (
				2820AA2228FDD2C700CF2088 /* Sources */,
				2820AA2328FDD2C700CF2088 /* Frameworks */,
				2820AA2428FDD2C700CF2088 /* Resources */,
			);
			buildRules = (
			);
			dependencies = (
			);
			name = Iyo;
			productName = Iyo;
			productReference = 2820AA2628FDD2C700CF2088 /* Iyo.app */;
			productType = "com.apple.product-type.application";
		};
		2820AA3A28FDD2CA00CF2088 /* IyoTests */ = {
			isa = PBXNativeTarget;
			buildConfigurationList = 2820AA5228FDD2CA00CF2088 /* Build configuration list for PBXNativeTarget "IyoTests" */;
			buildPhases = (
				2820AA3728FDD2CA00CF2088 /* Sources */,
				2820AA3828FDD2CA00CF2088 /* Frameworks */,
				2820AA3928FDD2CA00CF2088 /* Resources */,
			);
			buildRules = (
			);
			dependencies = (
				2820AA3D28FDD2CA00CF2088 /* PBXTargetDependency */,
			);
			name = IyoTests;
			productName = IyoTests;
			productReference = 2820AA3B28FDD2CA00CF2088 /* IyoTests.xctest */;
			productType = "com.apple.product-type.bundle.unit-test";
		};
		2820AA4428FDD2CA00CF2088 /* IyoUITests */ = {
			isa = PBXNativeTarget;
			buildConfigurationList = 2820AA5528FDD2CA00CF2088 /* Build configuration list for PBXNativeTarget "IyoUITests" */;
			buildPhases = (
				2820AA4128FDD2CA00CF2088 /* Sources */,
				2820AA4228FDD2CA00CF2088 /* Frameworks */,
				2820AA4328FDD2CA00CF2088 /* Resources */,
			);
			buildRules = (
			);
			dependencies = (
				2820AA4728FDD2CA00CF2088 /* PBXTargetDependency */,
			);
			name = IyoUITests;
			productName = IyoUITests;
			productReference = 2820AA4528FDD2CA00CF2088 /* IyoUITests.xctest */;
			productType = "com.apple.product-type.bundle.ui-testing";
		};
/* End PBXNativeTarget section */

/* Begin PBXProject section */
		2820AA1E28FDD2C700CF2088 /* Project object */ = {
			isa = PBXProject;
			attributes = {
				BuildIndependentTargetsInParallel = 1;
				LastSwiftUpdateCheck = 1400;
				LastUpgradeCheck = 1400;
				TargetAttributes = {
					2820AA2528FDD2C700CF2088 = {
						CreatedOnToolsVersion = 14.0.1;
					};
					2820AA3A28FDD2CA00CF2088 = {
						CreatedOnToolsVersion = 14.0.1;
						TestTargetID = 2820AA2528FDD2C700CF2088;
					};
					2820AA4428FDD2CA00CF2088 = {
						CreatedOnToolsVersion = 14.0.1;
						TestTargetID = 2820AA2528FDD2C700CF2088;
					};
				};
			};
			buildConfigurationList = 2820AA2128FDD2C700CF2088 /* Build configuration list for PBXProject "Iyo" */;
			compatibilityVersion = "Xcode 14.0";
			developmentRegion = en;
			hasScannedForEncodings = 0;
			knownRegions = (
				en,
				Base,
			);
			mainGroup = 2820AA1D28FDD2C700CF2088;
			productRefGroup = 2820AA2728FDD2C700CF2088 /* Products */;
			projectDirPath = "";
			projectRoot = "";
			targets = (
				2820AA2528FDD2C700CF2088 /* Iyo */,
				2820AA3A28FDD2CA00CF2088 /* IyoTests */,
				2820AA4428FDD2CA00CF2088 /* IyoUITests */,
			);
		};
/* End PBXProject section */

/* Begin PBXResourcesBuildPhase section */
		2820AA2428FDD2C700CF2088 /* Resources */ = {
			isa = PBXResourcesBuildPhase;
			buildActionMask = 2147483647;
			files = (
				2820AA3128FDD2CA00CF2088 /* Preview Assets.xcassets in Resources */,
				2820AA2E28FDD2CA00CF2088 /* Assets.xcassets in Resources */,
			);
			runOnlyForDeploymentPostprocessing = 0;
		};
		2820AA3928FDD2CA00CF2088 /* Resources */ = {
			isa = PBXResourcesBuildPhase;
			buildActionMask = 2147483647;
			files = (
			);
			runOnlyForDeploymentPostprocessing = 0;
		};
		2820AA4328FDD2CA00CF2088 /* Resources */ = {
			isa = PBXResourcesBuildPhase;
			buildActionMask = 2147483647;
			files = (
			);
			runOnlyForDeploymentPostprocessing = 0;
		};
/* End PBXResourcesBuildPhase section */

/* Begin PBXSourcesBuildPhase section */
		2820AA2228FDD2C700CF2088 /* Sources */ = {
			isa = PBXSourcesBuildPhase;
			buildActionMask = 2147483647;
			files = (
				2820AA5B28FDEBD700CF2088 /* IyoListVM.swift in Sources */,
				2820AA6728FDFD1400CF2088 /* BlankView.swift in Sources */,
				2820AA5D28FDF07700CF2088 /* AddIyo.swift in Sources */,
				2820AA3328FDD2CA00CF2088 /* Persistence.swift in Sources */,
				2820AA3628FDD2CA00CF2088 /* Iyo.xcdatamodeld in Sources */,
				2820AA6A28FDFE7900CF2088 /* Fab.swift in Sources */,
				2820AA6C28FDFEB700CF2088 /* View_Extension.swift in Sources */,
				2820AA6028FDF1EA00CF2088 /* ImportanceView.swift in Sources */,
				2820AA2C28FDD2C700CF2088 /* ContentView.swift in Sources */,
				2820AA2A28FDD2C700CF2088 /* IyoApp.swift in Sources */,
				2820AA6328FDF27700CF2088 /* Iyo+Extension.swift in Sources */,
				2820AA6528FDF95D00CF2088 /* Date+Extension.swift in Sources */,
			);
			runOnlyForDeploymentPostprocessing = 0;
		};
		2820AA3728FDD2CA00CF2088 /* Sources */ = {
			isa = PBXSourcesBuildPhase;
			buildActionMask = 2147483647;
			files = (
				2820AA4028FDD2CA00CF2088 /* IyoTests.swift in Sources */,
			);
			runOnlyForDeploymentPostprocessing = 0;
		};
		2820AA4128FDD2CA00CF2088 /* Sources */ = {
			isa = PBXSourcesBuildPhase;
			buildActionMask = 2147483647;
			files = (
				2820AA4C28FDD2CA00CF2088 /* IyoUITestsLaunchTests.swift in Sources */,
				2820AA4A28FDD2CA00CF2088 /* IyoUITests.swift in Sources */,
			);
			runOnlyForDeploymentPostprocessing = 0;
		};
/* End PBXSourcesBuildPhase section */

/* Begin PBXTargetDependency section */
		2820AA3D28FDD2CA00CF2088 /* PBXTargetDependency */ = {
			isa = PBXTargetDependency;
			target = 2820AA2528FDD2C700CF2088 /* Iyo */;
			targetProxy = 2820AA3C28FDD2CA00CF2088 /* PBXContainerItemProxy */;
		};
		2820AA4728FDD2CA00CF2088 /* PBXTargetDependency */ = {
			isa = PBXTargetDependency;
			target = 2820AA2528FDD2C700CF2088 /* Iyo */;
			targetProxy = 2820AA4628FDD2CA00CF2088 /* PBXContainerItemProxy */;
		};
/* End PBXTargetDependency section */

/* Begin XCBuildConfiguration section */
		2820AA4D28FDD2CA00CF2088 /* Debug */ = {
			isa = XCBuildConfiguration;
			buildSettings = {
				ALWAYS_SEARCH_USER_PATHS = NO;
				CLANG_ANALYZER_NONNULL = YES;
				CLANG_ANALYZER_NUMBER_OBJECT_CONVERSION = YES_AGGRESSIVE;
				CLANG_CXX_LANGUAGE_STANDARD = "gnu++20";
				CLANG_ENABLE_MODULES = YES;
				CLANG_ENABLE_OBJC_ARC = YES;
				CLANG_ENABLE_OBJC_WEAK = YES;
				CLANG_WARN_BLOCK_CAPTURE_AUTORELEASING = YES;
				CLANG_WARN_BOOL_CONVERSION = YES;
				CLANG_WARN_COMMA = YES;
				CLANG_WARN_CONSTANT_CONVERSION = YES;
				CLANG_WARN_DEPRECATED_OBJC_IMPLEMENTATIONS = YES;
				CLANG_WARN_DIRECT_OBJC_ISA_USAGE = YES_ERROR;
				CLANG_WARN_DOCUMENTATION_COMMENTS = YES;
				CLANG_WARN_EMPTY_BODY = YES;
				CLANG_WARN_ENUM_CONVERSION = YES;
				CLANG_WARN_INFINITE_RECURSION = YES;
				CLANG_WARN_INT_CONVERSION = YES;
				CLANG_WARN_NON_LITERAL_NULL_CONVERSION = YES;
				CLANG_WARN_OBJC_IMPLICIT_RETAIN_SELF = YES;
				CLANG_WARN_OBJC_LITERAL_CONVERSION = YES;
				CLANG_WARN_OBJC_ROOT_CLASS = YES_ERROR;
				CLANG_WARN_QUOTED_INCLUDE_IN_FRAMEWORK_HEADER = YES;
				CLANG_WARN_RANGE_LOOP_ANALYSIS = YES;
				CLANG_WARN_STRICT_PROTOTYPES = YES;
				CLANG_WARN_SUSPICIOUS_MOVE = YES;
				CLANG_WARN_UNGUARDED_AVAILABILITY = YES_AGGRESSIVE;
				CLANG_WARN_UNREACHABLE_CODE = YES;
				CLANG_WARN__DUPLICATE_METHOD_MATCH = YES;
				COPY_PHASE_STRIP = NO;
				DEBUG_INFORMATION_FORMAT = dwarf;
				ENABLE_STRICT_OBJC_MSGSEND = YES;
				ENABLE_TESTABILITY = YES;
				GCC_C_LANGUAGE_STANDARD = gnu11;
				GCC_DYNAMIC_NO_PIC = NO;
				GCC_NO_COMMON_BLOCKS = YES;
				GCC_OPTIMIZATION_LEVEL = 0;
				GCC_PREPROCESSOR_DEFINITIONS = (
					"DEBUG=1",
					"$(inherited)",
				);
				GCC_WARN_64_TO_32_BIT_CONVERSION = YES;
				GCC_WARN_ABOUT_RETURN_TYPE = YES_ERROR;
				GCC_WARN_UNDECLARED_SELECTOR = YES;
				GCC_WARN_UNINITIALIZED_AUTOS = YES_AGGRESSIVE;
				GCC_WARN_UNUSED_FUNCTION = YES;
				GCC_WARN_UNUSED_VARIABLE = YES;
				IPHONEOS_DEPLOYMENT_TARGET = 16.0;
				MTL_ENABLE_DEBUG_INFO = INCLUDE_SOURCE;
				MTL_FAST_MATH = YES;
				ONLY_ACTIVE_ARCH = YES;
				SDKROOT = iphoneos;
				SWIFT_ACTIVE_COMPILATION_CONDITIONS = DEBUG;
				SWIFT_OPTIMIZATION_LEVEL = "-Onone";
			};
			name = Debug;
		};
		2820AA4E28FDD2CA00CF2088 /* Release */ = {
			isa = XCBuildConfiguration;
			buildSettings = {
				ALWAYS_SEARCH_USER_PATHS = NO;
				CLANG_ANALYZER_NONNULL = YES;
				CLANG_ANALYZER_NUMBER_OBJECT_CONVERSION = YES_AGGRESSIVE;
				CLANG_CXX_LANGUAGE_STANDARD = "gnu++20";
				CLANG_ENABLE_MODULES = YES;
				CLANG_ENABLE_OBJC_ARC = YES;
				CLANG_ENABLE_OBJC_WEAK = YES;
				CLANG_WARN_BLOCK_CAPTURE_AUTORELEASING = YES;
				CLANG_WARN_BOOL_CONVERSION = YES;
				CLANG_WARN_COMMA = YES;
				CLANG_WARN_CONSTANT_CONVERSION = YES;
				CLANG_WARN_DEPRECATED_OBJC_IMPLEMENTATIONS = YES;
				CLANG_WARN_DIRECT_OBJC_ISA_USAGE = YES_ERROR;
				CLANG_WARN_DOCUMENTATION_COMMENTS = YES;
				CLANG_WARN_EMPTY_BODY = YES;
				CLANG_WARN_ENUM_CONVERSION = YES;
				CLANG_WARN_INFINITE_RECURSION = YES;
				CLANG_WARN_INT_CONVERSION = YES;
				CLANG_WARN_NON_LITERAL_NULL_CONVERSION = YES;
				CLANG_WARN_OBJC_IMPLICIT_RETAIN_SELF = YES;
				CLANG_WARN_OBJC_LITERAL_CONVERSION = YES;
				CLANG_WARN_OBJC_ROOT_CLASS = YES_ERROR;
				CLANG_WARN_QUOTED_INCLUDE_IN_FRAMEWORK_HEADER = YES;
				CLANG_WARN_RANGE_LOOP_ANALYSIS = YES;
				CLANG_WARN_STRICT_PROTOTYPES = YES;
				CLANG_WARN_SUSPICIOUS_MOVE = YES;
				CLANG_WARN_UNGUARDED_AVAILABILITY = YES_AGGRESSIVE;
				CLANG_WARN_UNREACHABLE_CODE = YES;
				CLANG_WARN__DUPLICATE_METHOD_MATCH = YES;
				COPY_PHASE_STRIP = NO;
				DEBUG_INFORMATION_FORMAT = "dwarf-with-dsym";
				ENABLE_NS_ASSERTIONS = NO;
				ENABLE_STRICT_OBJC_MSGSEND = YES;
				GCC_C_LANGUAGE_STANDARD = gnu11;
				GCC_NO_COMMON_BLOCKS = YES;
				GCC_WARN_64_TO_32_BIT_CONVERSION = YES;
				GCC_WARN_ABOUT_RETURN_TYPE = YES_ERROR;
				GCC_WARN_UNDECLARED_SELECTOR = YES;
				GCC_WARN_UNINITIALIZED_AUTOS = YES_AGGRESSIVE;
				GCC_WARN_UNUSED_FUNCTION = YES;
				GCC_WARN_UNUSED_VARIABLE = YES;
				IPHONEOS_DEPLOYMENT_TARGET = 16.0;
				MTL_ENABLE_DEBUG_INFO = NO;
				MTL_FAST_MATH = YES;
				SDKROOT = iphoneos;
				SWIFT_COMPILATION_MODE = wholemodule;
				SWIFT_OPTIMIZATION_LEVEL = "-O";
				VALIDATE_PRODUCT = YES;
			};
			name = Release;
		};
		2820AA5028FDD2CA00CF2088 /* Debug */ = {
			isa = XCBuildConfiguration;
			buildSettings = {
				ASSETCATALOG_COMPILER_APPICON_NAME = AppIcon;
				ASSETCATALOG_COMPILER_GLOBAL_ACCENT_COLOR_NAME = AccentColor;
				CODE_SIGN_STYLE = Automatic;
				CURRENT_PROJECT_VERSION = 1;
				DEVELOPMENT_ASSET_PATHS = "\"Iyo/Preview Content\"";
				DEVELOPMENT_TEAM = MGYWREGDW3;
				ENABLE_PREVIEWS = YES;
				GENERATE_INFOPLIST_FILE = YES;
				INFOPLIST_KEY_UIApplicationSceneManifest_Generation = YES;
				INFOPLIST_KEY_UIApplicationSupportsIndirectInputEvents = YES;
				INFOPLIST_KEY_UILaunchScreen_Generation = YES;
				INFOPLIST_KEY_UISupportedInterfaceOrientations_iPad = "UIInterfaceOrientationPortrait UIInterfaceOrientationPortraitUpsideDown UIInterfaceOrientationLandscapeLeft UIInterfaceOrientationLandscapeRight";
				INFOPLIST_KEY_UISupportedInterfaceOrientations_iPhone = "UIInterfaceOrientationPortrait UIInterfaceOrientationLandscapeLeft UIInterfaceOrientationLandscapeRight";
				LD_RUNPATH_SEARCH_PATHS = (
					"$(inherited)",
					"@executable_path/Frameworks",
				);
				MARKETING_VERSION = 1.0;
				PRODUCT_BUNDLE_IDENTIFIER = com.mainib.Iyo;
				PRODUCT_NAME = "$(TARGET_NAME)";
				SWIFT_EMIT_LOC_STRINGS = YES;
				SWIFT_VERSION = 5.0;
				TARGETED_DEVICE_FAMILY = "1,2";
			};
			name = Debug;
		};
		2820AA5128FDD2CA00CF2088 /* Release */ = {
			isa = XCBuildConfiguration;
			buildSettings = {
				ASSETCATALOG_COMPILER_APPICON_NAME = AppIcon;
				ASSETCATALOG_COMPILER_GLOBAL_ACCENT_COLOR_NAME = AccentColor;
				CODE_SIGN_STYLE = Automatic;
				CURRENT_PROJECT_VERSION = 1;
				DEVELOPMENT_ASSET_PATHS = "\"Iyo/Preview Content\"";
				DEVELOPMENT_TEAM = MGYWREGDW3;
				ENABLE_PREVIEWS = YES;
				GENERATE_INFOPLIST_FILE = YES;
				INFOPLIST_KEY_UIApplicationSceneManifest_Generation = YES;
				INFOPLIST_KEY_UIApplicationSupportsIndirectInputEvents = YES;
				INFOPLIST_KEY_UILaunchScreen_Generation = YES;
				INFOPLIST_KEY_UISupportedInterfaceOrientations_iPad = "UIInterfaceOrientationPortrait UIInterfaceOrientationPortraitUpsideDown UIInterfaceOrientationLandscapeLeft UIInterfaceOrientationLandscapeRight";
				INFOPLIST_KEY_UISupportedInterfaceOrientations_iPhone = "UIInterfaceOrientationPortrait UIInterfaceOrientationLandscapeLeft UIInterfaceOrientationLandscapeRight";
				LD_RUNPATH_SEARCH_PATHS = (
					"$(inherited)",
					"@executable_path/Frameworks",
				);
				MARKETING_VERSION = 1.0;
				PRODUCT_BUNDLE_IDENTIFIER = com.mainib.Iyo;
				PRODUCT_NAME = "$(TARGET_NAME)";
				SWIFT_EMIT_LOC_STRINGS = YES;
				SWIFT_VERSION = 5.0;
				TARGETED_DEVICE_FAMILY = "1,2";
			};
			name = Release;
		};
		2820AA5328FDD2CA00CF2088 /* Debug */ = {
			isa = XCBuildConfiguration;
			buildSettings = {
				ALWAYS_EMBED_SWIFT_STANDARD_LIBRARIES = YES;
				BUNDLE_LOADER = "$(TEST_HOST)";
				CODE_SIGN_STYLE = Automatic;
				CURRENT_PROJECT_VERSION = 1;
				DEVELOPMENT_TEAM = MGYWREGDW3;
				GENERATE_INFOPLIST_FILE = YES;
				IPHONEOS_DEPLOYMENT_TARGET = 16.0;
				MARKETING_VERSION = 1.0;
				PRODUCT_BUNDLE_IDENTIFIER = com.mainib.IyoTests;
				PRODUCT_NAME = "$(TARGET_NAME)";
				SWIFT_EMIT_LOC_STRINGS = NO;
				SWIFT_VERSION = 5.0;
				TARGETED_DEVICE_FAMILY = "1,2";
				TEST_HOST = "$(BUILT_PRODUCTS_DIR)/Iyo.app/$(BUNDLE_EXECUTABLE_FOLDER_PATH)/Iyo";
			};
			name = Debug;
		};
		2820AA5428FDD2CA00CF2088 /* Release */ = {
			isa = XCBuildConfiguration;
			buildSettings = {
				ALWAYS_EMBED_SWIFT_STANDARD_LIBRARIES = YES;
				BUNDLE_LOADER = "$(TEST_HOST)";
				CODE_SIGN_STYLE = Automatic;
				CURRENT_PROJECT_VERSION = 1;
				DEVELOPMENT_TEAM = MGYWREGDW3;
				GENERATE_INFOPLIST_FILE = YES;
				IPHONEOS_DEPLOYMENT_TARGET = 16.0;
				MARKETING_VERSION = 1.0;
				PRODUCT_BUNDLE_IDENTIFIER = com.mainib.IyoTests;
				PRODUCT_NAME = "$(TARGET_NAME)";
				SWIFT_EMIT_LOC_STRINGS = NO;
				SWIFT_VERSION = 5.0;
				TARGETED_DEVICE_FAMILY = "1,2";
				TEST_HOST = "$(BUILT_PRODUCTS_DIR)/Iyo.app/$(BUNDLE_EXECUTABLE_FOLDER_PATH)/Iyo";
			};
			name = Release;
		};
		2820AA5628FDD2CA00CF2088 /* Debug */ = {
			isa = XCBuildConfiguration;
			buildSettings = {
				ALWAYS_EMBED_SWIFT_STANDARD_LIBRARIES = YES;
				CODE_SIGN_STYLE = Automatic;
				CURRENT_PROJECT_VERSION = 1;
				DEVELOPMENT_TEAM = MGYWREGDW3;
				GENERATE_INFOPLIST_FILE = YES;
				MARKETING_VERSION = 1.0;
				PRODUCT_BUNDLE_IDENTIFIER = com.mainib.IyoUITests;
				PRODUCT_NAME = "$(TARGET_NAME)";
				SWIFT_EMIT_LOC_STRINGS = NO;
				SWIFT_VERSION = 5.0;
				TARGETED_DEVICE_FAMILY = "1,2";
				TEST_TARGET_NAME = Iyo;
			};
			name = Debug;
		};
		2820AA5728FDD2CA00CF2088 /* Release */ = {
			isa = XCBuildConfiguration;
			buildSettings = {
				ALWAYS_EMBED_SWIFT_STANDARD_LIBRARIES = YES;
				CODE_SIGN_STYLE = Automatic;
				CURRENT_PROJECT_VERSION = 1;
				DEVELOPMENT_TEAM = MGYWREGDW3;
				GENERATE_INFOPLIST_FILE = YES;
				MARKETING_VERSION = 1.0;
				PRODUCT_BUNDLE_IDENTIFIER = com.mainib.IyoUITests;
				PRODUCT_NAME = "$(TARGET_NAME)";
				SWIFT_EMIT_LOC_STRINGS = NO;
				SWIFT_VERSION = 5.0;
				TARGETED_DEVICE_FAMILY = "1,2";
				TEST_TARGET_NAME = Iyo;
			};
			name = Release;
		};
/* End XCBuildConfiguration section */

/* Begin XCConfigurationList section */
		2820AA2128FDD2C700CF2088 /* Build configuration list for PBXProject "Iyo" */ = {
			isa = XCConfigurationList;
			buildConfigurations = (
				2820AA4D28FDD2CA00CF2088 /* Debug */,
				2820AA4E28FDD2CA00CF2088 /* Release */,
			);
			defaultConfigurationIsVisible = 0;
			defaultConfigurationName = Release;
		};
		2820AA4F28FDD2CA00CF2088 /* Build configuration list for PBXNativeTarget "Iyo" */ = {
			isa = XCConfigurationList;
			buildConfigurations = (
				2820AA5028FDD2CA00CF2088 /* Debug */,
				2820AA5128FDD2CA00CF2088 /* Release */,
			);
			defaultConfigurationIsVisible = 0;
			defaultConfigurationName = Release;
		};
		2820AA5228FDD2CA00CF2088 /* Build configuration list for PBXNativeTarget "IyoTests" */ = {
			isa = XCConfigurationList;
			buildConfigurations = (
				2820AA5328FDD2CA00CF2088 /* Debug */,
				2820AA5428FDD2CA00CF2088 /* Release */,
			);
			defaultConfigurationIsVisible = 0;
			defaultConfigurationName = Release;
		};
		2820AA5528FDD2CA00CF2088 /* Build configuration list for PBXNativeTarget "IyoUITests" */ = {
			isa = XCConfigurationList;
			buildConfigurations = (
				2820AA5628FDD2CA00CF2088 /* Debug */,
				2820AA5728FDD2CA00CF2088 /* Release */,
			);
			defaultConfigurationIsVisible = 0;
			defaultConfigurationName = Release;
		};
/* End XCConfigurationList section */

/* Begin XCVersionGroup section */
		2820AA3428FDD2CA00CF2088 /* Iyo.xcdatamodeld */ = {
			isa = XCVersionGroup;
			children = (
				2820AA3528FDD2CA00CF2088 /* Iyo.xcdatamodel */,
			);
			currentVersion = 2820AA3528FDD2CA00CF2088 /* Iyo.xcdatamodel */;
			path = Iyo.xcdatamodeld;
			sourceTree = "<group>";
			versionGroupType = wrapper.xcdatamodel;
		};
/* End XCVersionGroup section */
	};
	rootObject = 2820AA1E28FDD2C700CF2088 /* Project object */;
}
